<?xml version="1.0" encoding="utf-8"?>
<Project ToolsVersion="4.0" xmlns="http://schemas.microsoft.com/developer/msbuild/2003">
  <ItemGroup>
    <Filter Include="Source Files">
      <UniqueIdentifier>{35d8d084-6317-4fa4-afb0-4013d17715b9}</UniqueIdentifier>
      <Extensions>cpp;c;cc;cxx;def;asm;asmx</Extensions>
    </Filter>
    <Filter Include="Header Files">
      <UniqueIdentifier>{0628692b-5b66-4cb9-9e11-57ec7fa88e37}</UniqueIdentifier>
      <Extensions>h;hpp;hxx;inl;inc</Extensions>
    </Filter>
    <Filter Include="Resource Files">
      <UniqueIdentifier>{3047460d-ab7a-4144-8d06-01bf7cf30d92}</UniqueIdentifier>
      <Extensions>rc;manifest;ico;cur;bmp;dlg;rct;bin;gif;jpg;jpeg;jpe;tiff;tif;png;wav</Extensions>
    </Filter>
  </ItemGroup>
  <ItemGroup>
    <None Include="packages.config" />
  </ItemGroup>
  <ItemGroup>
    <ClCompile Include="Source\guesser.cpp">
      <Filter>Source Files</Filter>
    </ClCompile>
    <ClCompile Include="Source\elliptic.cpp">
      <Filter>Source Files</Filter>
    </ClCompile>
    <ClCompile Include="Source\Dumper.cpp">
      <Filter>Source Files</Filter>
    </ClCompile>
  </ItemGroup>
  <ItemGroup>
    <ClInclude Include="Include\Dumper.h">
      <Filter>Header Files</Filter>
    </ClInclude>
    <ClInclude Include="Include\sdk_hacks.h">
      <Filter>Header Files</Filter>
    </ClInclude>
    <ClInclude Include="Include\elliptic.h">
      <Filter>Header Files</Filter>
    </ClInclude>
  </ItemGroup>
  <ItemGroup>
    <Text Include="license.txt" />
  </ItemGroup>
</Project>